
Microsoft Visual Studio Solution File, Format Version 12.00
# Visual Studio Version 16
VisualStudioVersion = 16.0.29920.165
MinimumVisualStudioVersion = 10.0.40219.1
Project("{FAE04EC0-301F-11D3-BF4B-00C04F79EFBC}") = "FirstMVCDemo", "FirstMVCDemo\FirstMVCDemo.csproj", "{6AD253EA-1C59-4650-B601-9F1824FF75B2}"
EndProject
Global
	GlobalSection(SolutionConfigurationPlatforms) = preSolution
		Debug|Any CPU = Debug|Any CPU
		Release|Any CPU = Release|Any CPU
	EndGlobalSection
	GlobalSection(ProjectConfigurationPlatforms) = postSolution
		{6AD253EA-1C59-4650-B601-9F1824FF75B2}.Debug|Any CPU.ActiveCfg = Debug|Any CPU
		{6AD253EA-1C59-4650-B601-9F1824FF75B2}.Debug|Any CPU.Build.0 = Debug|Any CPU
		{6AD253EA-1C59-4650-B601-9F1824FF75B2}.Release|Any CPU.ActiveCfg = Release|Any CPU
		{6AD253EA-1C59-4650-B601-9F1824FF75B2}.Release|Any CPU.Build.0 = Release|Any CPU
	EndGlobalSection
	GlobalSection(SolutionProperties) = preSolution
		HideSolutionNode = FALSE
	EndGlobalSection
	GlobalSection(ExtensibilityGlobals) = postSolution
		SolutionGuid = {408348B3-A6A7-4BD6-A025-A69C7F8F7917}
	EndGlobalSection
EndGlobal
